// !$*UTF8*$!
{
	archiveVersion = 1;
	classes = {
	};
	objectVersion = 46;
	objects = {

/* Begin PBXBuildFile section */
		1D60589B0D05DD56006BFB54 /* main.m in Sources */ = {isa = PBXBuildFile; fileRef = 29B97316FDCFA39411CA2CEA /* main.m */; };
		1D60589F0D05DD5A006BFB54 /* Foundation.framework in Frameworks */ = {isa = PBXBuildFile; fileRef = 1D30AB110D05D00D00671497 /* Foundation.framework */; };
		1DF5F4E00D08C38300B7A737 /* UIKit.framework in Frameworks */ = {isa = PBXBuildFile; fileRef = 1DF5F4DF0D08C38300B7A737 /* UIKit.framework */; };
		288765FD0DF74451002DB57D /* CoreGraphics.framework in Frameworks */ = {isa = PBXBuildFile; fileRef = 288765FC0DF74451002DB57D /* CoreGraphics.framework */; };
		450A670411D27B9D00014BF5 /* QuartzCore.framework in Frameworks */ = {isa = PBXBuildFile; fileRef = 450A670311D27B9D00014BF5 /* QuartzCore.framework */; };
		4513ACFB19C4A1FB004916D1 /* AppIcon-180.png in Resources */ = {isa = PBXBuildFile; fileRef = 4513ACFA19C4A1FB004916D1 /* AppIcon-180.png */; };
		4521AB3F19C5EE6000B16688 /* Reader-Export.png in Resources */ = {isa = PBXBuildFile; fileRef = 4521AB3D19C5EE6000B16688 /* Reader-Export.png */; };
		4521AB4019C5EE6000B16688 /* Reader-Export@2x.png in Resources */ = {isa = PBXBuildFile; fileRef = 4521AB3E19C5EE6000B16688 /* Reader-Export@2x.png */; };
		4541A9D8122EA716001A5E60 /* Localizable.strings in Resources */ = {isa = PBXBuildFile; fileRef = 4541A9D7122EA716001A5E60 /* Localizable.strings */; };
		4555C74C14211A00005F448D /* ReaderBookDelegate.m in Sources */ = {isa = PBXBuildFile; fileRef = 4555C74B14211A00005F448D /* ReaderBookDelegate.m */; };
		455C7891142687CA0053D73B /* UIXToolbarView.m in Sources */ = {isa = PBXBuildFile; fileRef = 455C7890142687CA0053D73B /* UIXToolbarView.m */; };
		455C789D14268F6A0053D73B /* Reader-Button-H.png in Resources */ = {isa = PBXBuildFile; fileRef = 455C789914268F6A0053D73B /* Reader-Button-H.png */; };
		455C789E14268F6A0053D73B /* Reader-Button-H@2x.png in Resources */ = {isa = PBXBuildFile; fileRef = 455C789A14268F6A0053D73B /* Reader-Button-H@2x.png */; };
		455C789F14268F6A0053D73B /* Reader-Button-N.png in Resources */ = {isa = PBXBuildFile; fileRef = 455C789B14268F6A0053D73B /* Reader-Button-N.png */; };
		455C78A014268F6A0053D73B /* Reader-Button-N@2x.png in Resources */ = {isa = PBXBuildFile; fileRef = 455C789C14268F6A0053D73B /* Reader-Button-N@2x.png */; };
		458DDFD7140D45FA00C5DA94 /* ImageIO.framework in Frameworks */ = {isa = PBXBuildFile; fileRef = 458DDFD6140D45FA00C5DA94 /* ImageIO.framework */; };
		45AB72C9141FBFCA003524C3 /* Reader-Email.png in Resources */ = {isa = PBXBuildFile; fileRef = 45AB72BC141FBFCA003524C3 /* Reader-Email.png */; };
		45AB72CA141FBFCA003524C3 /* Reader-Email@2x.png in Resources */ = {isa = PBXBuildFile; fileRef = 45AB72BD141FBFCA003524C3 /* Reader-Email@2x.png */; };
		45AB72CB141FBFCA003524C3 /* Reader-Mark-N.png in Resources */ = {isa = PBXBuildFile; fileRef = 45AB72BE141FBFCA003524C3 /* Reader-Mark-N.png */; };
		45AB72CC141FBFCA003524C3 /* Reader-Mark-N@2x.png in Resources */ = {isa = PBXBuildFile; fileRef = 45AB72BF141FBFCA003524C3 /* Reader-Mark-N@2x.png */; };
		45AB72CD141FBFCA003524C3 /* Reader-Mark-Y.png in Resources */ = {isa = PBXBuildFile; fileRef = 45AB72C0141FBFCA003524C3 /* Reader-Mark-Y.png */; };
		45AB72CE141FBFCA003524C3 /* Reader-Mark-Y@2x.png in Resources */ = {isa = PBXBuildFile; fileRef = 45AB72C1141FBFCA003524C3 /* Reader-Mark-Y@2x.png */; };
		45AB72CF141FBFCA003524C3 /* Reader-Print.png in Resources */ = {isa = PBXBuildFile; fileRef = 45AB72C2141FBFCA003524C3 /* Reader-Print.png */; };
		45AB72D0141FBFCA003524C3 /* Reader-Print@2x.png in Resources */ = {isa = PBXBuildFile; fileRef = 45AB72C3141FBFCA003524C3 /* Reader-Print@2x.png */; };
		45AB72D1141FBFCA003524C3 /* Reader-Thumbs.png in Resources */ = {isa = PBXBuildFile; fileRef = 45AB72C4141FBFCA003524C3 /* Reader-Thumbs.png */; };
		45AB72D2141FBFCA003524C3 /* Reader-Thumbs@2x.png in Resources */ = {isa = PBXBuildFile; fileRef = 45AB72C5141FBFCA003524C3 /* Reader-Thumbs@2x.png */; };
		45AB72DC141FC039003524C3 /* Reader.pdf in Resources */ = {isa = PBXBuildFile; fileRef = 45AB72DB141FC039003524C3 /* Reader.pdf */; };
		45AB72EB141FC0A2003524C3 /* ReaderAppDelegate.m in Sources */ = {isa = PBXBuildFile; fileRef = 45AB72E8141FC0A2003524C3 /* ReaderAppDelegate.m */; };
		45AB72EC141FC0A2003524C3 /* ReaderDemoController.m in Sources */ = {isa = PBXBuildFile; fileRef = 45AB72EA141FC0A2003524C3 /* ReaderDemoController.m */; };
		45AB7313141FC0B1003524C3 /* CGPDFDocument.m in Sources */ = {isa = PBXBuildFile; fileRef = 45AB72EE141FC0B1003524C3 /* CGPDFDocument.m */; };
		45AB7314141FC0B1003524C3 /* ReaderConstants.m in Sources */ = {isa = PBXBuildFile; fileRef = 45AB72F0141FC0B1003524C3 /* ReaderConstants.m */; };
		45AB7315141FC0B1003524C3 /* ReaderContentPage.m in Sources */ = {isa = PBXBuildFile; fileRef = 45AB72F2141FC0B1003524C3 /* ReaderContentPage.m */; };
		45AB7316141FC0B1003524C3 /* ReaderContentTile.m in Sources */ = {isa = PBXBuildFile; fileRef = 45AB72F4141FC0B1003524C3 /* ReaderContentTile.m */; };
		45AB7317141FC0B1003524C3 /* ReaderContentView.m in Sources */ = {isa = PBXBuildFile; fileRef = 45AB72F6141FC0B1003524C3 /* ReaderContentView.m */; };
		45AB7318141FC0B1003524C3 /* ReaderDocument.m in Sources */ = {isa = PBXBuildFile; fileRef = 45AB72F8141FC0B1003524C3 /* ReaderDocument.m */; };
		45AB7319141FC0B1003524C3 /* ReaderMainPagebar.m in Sources */ = {isa = PBXBuildFile; fileRef = 45AB72FA141FC0B1003524C3 /* ReaderMainPagebar.m */; };
		45AB731A141FC0B1003524C3 /* ReaderMainToolbar.m in Sources */ = {isa = PBXBuildFile; fileRef = 45AB72FC141FC0B1003524C3 /* ReaderMainToolbar.m */; };
		45AB731C141FC0B1003524C3 /* ReaderThumbCache.m in Sources */ = {isa = PBXBuildFile; fileRef = 45AB7300141FC0B1003524C3 /* ReaderThumbCache.m */; };
		45AB731D141FC0B1003524C3 /* ReaderThumbFetch.m in Sources */ = {isa = PBXBuildFile; fileRef = 45AB7302141FC0B1003524C3 /* ReaderThumbFetch.m */; };
		45AB731E141FC0B1003524C3 /* ReaderThumbQueue.m in Sources */ = {isa = PBXBuildFile; fileRef = 45AB7304141FC0B1003524C3 /* ReaderThumbQueue.m */; };
		45AB731F141FC0B1003524C3 /* ReaderThumbRender.m in Sources */ = {isa = PBXBuildFile; fileRef = 45AB7306141FC0B1003524C3 /* ReaderThumbRender.m */; };
		45AB7320141FC0B1003524C3 /* ReaderThumbRequest.m in Sources */ = {isa = PBXBuildFile; fileRef = 45AB7308141FC0B1003524C3 /* ReaderThumbRequest.m */; };
		45AB7321141FC0B1003524C3 /* ReaderThumbsView.m in Sources */ = {isa = PBXBuildFile; fileRef = 45AB730A141FC0B1003524C3 /* ReaderThumbsView.m */; };
		45AB7322141FC0B1003524C3 /* ReaderThumbView.m in Sources */ = {isa = PBXBuildFile; fileRef = 45AB730C141FC0B1003524C3 /* ReaderThumbView.m */; };
		45AB7323141FC0B1003524C3 /* ReaderViewController.m in Sources */ = {isa = PBXBuildFile; fileRef = 45AB730E141FC0B1003524C3 /* ReaderViewController.m */; };
		45AB7324141FC0B1003524C3 /* ThumbsMainToolbar.m in Sources */ = {isa = PBXBuildFile; fileRef = 45AB7310141FC0B1003524C3 /* ThumbsMainToolbar.m */; };
		45AB7325141FC0B1003524C3 /* ThumbsViewController.m in Sources */ = {isa = PBXBuildFile; fileRef = 45AB7312141FC0B1003524C3 /* ThumbsViewController.m */; };
		45BD5AFE13AE721A00D6FE97 /* MessageUI.framework in Frameworks */ = {isa = PBXBuildFile; fileRef = 45BD5AFD13AE721A00D6FE97 /* MessageUI.framework */; };
		45D5ADA31610EADD00706B9A /* ReaderDocumentOutline.m in Sources */ = {isa = PBXBuildFile; fileRef = 45D5ADA21610EADC00706B9A /* ReaderDocumentOutline.m */; };
		A1789FD01EE771A3001FA340 /* AppIcon-076.png in Resources */ = {isa = PBXBuildFile; fileRef = A1789FCC1EE771A3001FA340 /* AppIcon-076.png */; };
		A1789FD11EE771A3001FA340 /* AppIcon-120.png in Resources */ = {isa = PBXBuildFile; fileRef = A1789FCD1EE771A3001FA340 /* AppIcon-120.png */; };
		A1789FD21EE771A3001FA340 /* AppIcon-152.png in Resources */ = {isa = PBXBuildFile; fileRef = A1789FCE1EE771A3001FA340 /* AppIcon-152.png */; };
		A1789FD31EE771A3001FA340 /* AppIcon-167.png in Resources */ = {isa = PBXBuildFile; fileRef = A1789FCF1EE771A3001FA340 /* AppIcon-167.png */; };
		D897B3E91BDBF2F5006C60B0 /* ReaderFramework.h in Headers */ = {isa = PBXBuildFile; fileRef = D897B3E81BDBF2F5006C60B0 /* ReaderFramework.h */; settings = {ATTRIBUTES = (Public, ); }; };
		D897B3F21BDBF311006C60B0 /* ReaderConstants.m in Sources */ = {isa = PBXBuildFile; fileRef = 45AB72F0141FC0B1003524C3 /* ReaderConstants.m */; };
		D897B3F31BDBF311006C60B0 /* ReaderDocument.m in Sources */ = {isa = PBXBuildFile; fileRef = 45AB72F8141FC0B1003524C3 /* ReaderDocument.m */; };
		D897B3F41BDBF311006C60B0 /* ReaderViewController.m in Sources */ = {isa = PBXBuildFile; fileRef = 45AB730E141FC0B1003524C3 /* ReaderViewController.m */; };
		D897B3F51BDBF311006C60B0 /* ReaderMainToolbar.m in Sources */ = {isa = PBXBuildFile; fileRef = 45AB72FC141FC0B1003524C3 /* ReaderMainToolbar.m */; };
		D897B3F61BDBF311006C60B0 /* ReaderMainPagebar.m in Sources */ = {isa = PBXBuildFile; fileRef = 45AB72FA141FC0B1003524C3 /* ReaderMainPagebar.m */; };
		D897B3F71BDBF311006C60B0 /* ReaderContentView.m in Sources */ = {isa = PBXBuildFile; fileRef = 45AB72F6141FC0B1003524C3 /* ReaderContentView.m */; };
		D897B3F81BDBF311006C60B0 /* ReaderContentPage.m in Sources */ = {isa = PBXBuildFile; fileRef = 45AB72F2141FC0B1003524C3 /* ReaderContentPage.m */; };
		D897B3F91BDBF311006C60B0 /* ReaderContentTile.m in Sources */ = {isa = PBXBuildFile; fileRef = 45AB72F4141FC0B1003524C3 /* ReaderContentTile.m */; };
		D897B3FA1BDBF311006C60B0 /* ThumbsViewController.m in Sources */ = {isa = PBXBuildFile; fileRef = 45AB7312141FC0B1003524C3 /* ThumbsViewController.m */; };
		D897B3FB1BDBF311006C60B0 /* ThumbsMainToolbar.m in Sources */ = {isa = PBXBuildFile; fileRef = 45AB7310141FC0B1003524C3 /* ThumbsMainToolbar.m */; };
		D897B3FC1BDBF311006C60B0 /* CGPDFDocument.m in Sources */ = {isa = PBXBuildFile; fileRef = 45AB72EE141FC0B1003524C3 /* CGPDFDocument.m */; };
		D897B3FD1BDBF311006C60B0 /* ReaderDocumentOutline.m in Sources */ = {isa = PBXBuildFile; fileRef = 45D5ADA21610EADC00706B9A /* ReaderDocumentOutline.m */; };
		D897B3FE1BDBF311006C60B0 /* ReaderThumbRequest.m in Sources */ = {isa = PBXBuildFile; fileRef = 45AB7308141FC0B1003524C3 /* ReaderThumbRequest.m */; };
		D897B3FF1BDBF311006C60B0 /* ReaderThumbCache.m in Sources */ = {isa = PBXBuildFile; fileRef = 45AB7300141FC0B1003524C3 /* ReaderThumbCache.m */; };
		D897B4001BDBF311006C60B0 /* ReaderThumbQueue.m in Sources */ = {isa = PBXBuildFile; fileRef = 45AB7304141FC0B1003524C3 /* ReaderThumbQueue.m */; };
		D897B4011BDBF311006C60B0 /* ReaderThumbFetch.m in Sources */ = {isa = PBXBuildFile; fileRef = 45AB7302141FC0B1003524C3 /* ReaderThumbFetch.m */; };
		D897B4021BDBF311006C60B0 /* ReaderThumbRender.m in Sources */ = {isa = PBXBuildFile; fileRef = 45AB7306141FC0B1003524C3 /* ReaderThumbRender.m */; };
		D897B4031BDBF311006C60B0 /* ReaderThumbsView.m in Sources */ = {isa = PBXBuildFile; fileRef = 45AB730A141FC0B1003524C3 /* ReaderThumbsView.m */; };
		D897B4041BDBF311006C60B0 /* ReaderThumbView.m in Sources */ = {isa = PBXBuildFile; fileRef = 45AB730C141FC0B1003524C3 /* ReaderThumbView.m */; };
		D897B4051BDBF311006C60B0 /* UIXToolbarView.m in Sources */ = {isa = PBXBuildFile; fileRef = 455C7890142687CA0053D73B /* UIXToolbarView.m */; };
		D897B4071BDBF347006C60B0 /* UIKit.framework in Frameworks */ = {isa = PBXBuildFile; fileRef = 1DF5F4DF0D08C38300B7A737 /* UIKit.framework */; };
		D897B4081BDBF34E006C60B0 /* Foundation.framework in Frameworks */ = {isa = PBXBuildFile; fileRef = 1D30AB110D05D00D00671497 /* Foundation.framework */; };
		D897B4091BDBF357006C60B0 /* CoreGraphics.framework in Frameworks */ = {isa = PBXBuildFile; fileRef = 288765FC0DF74451002DB57D /* CoreGraphics.framework */; };
		D897B40A1BDBF35E006C60B0 /* QuartzCore.framework in Frameworks */ = {isa = PBXBuildFile; fileRef = 450A670311D27B9D00014BF5 /* QuartzCore.framework */; };
		D897B40B1BDBF366006C60B0 /* MessageUI.framework in Frameworks */ = {isa = PBXBuildFile; fileRef = 45BD5AFD13AE721A00D6FE97 /* MessageUI.framework */; };
		D897B40C1BDBF36C006C60B0 /* ImageIO.framework in Frameworks */ = {isa = PBXBuildFile; fileRef = 458DDFD6140D45FA00C5DA94 /* ImageIO.framework */; };
		D897B40D1BDBF39A006C60B0 /* Reader-Button-H.png in Resources */ = {isa = PBXBuildFile; fileRef = 455C789914268F6A0053D73B /* Reader-Button-H.png */; };
		D897B40E1BDBF39A006C60B0 /* Reader-Button-H@2x.png in Resources */ = {isa = PBXBuildFile; fileRef = 455C789A14268F6A0053D73B /* Reader-Button-H@2x.png */; };
		D897B40F1BDBF39A006C60B0 /* Reader-Button-N.png in Resources */ = {isa = PBXBuildFile; fileRef = 455C789B14268F6A0053D73B /* Reader-Button-N.png */; };
		D897B4101BDBF39B006C60B0 /* Reader-Button-N@2x.png in Resources */ = {isa = PBXBuildFile; fileRef = 455C789C14268F6A0053D73B /* Reader-Button-N@2x.png */; };
		D897B4111BDBF39B006C60B0 /* Reader-Email.png in Resources */ = {isa = PBXBuildFile; fileRef = 45AB72BC141FBFCA003524C3 /* Reader-Email.png */; };
		D897B4121BDBF39B006C60B0 /* Reader-Email@2x.png in Resources */ = {isa = PBXBuildFile; fileRef = 45AB72BD141FBFCA003524C3 /* Reader-Email@2x.png */; };
		D897B4131BDBF39B006C60B0 /* Reader-Export.png in Resources */ = {isa = PBXBuildFile; fileRef = 4521AB3D19C5EE6000B16688 /* Reader-Export.png */; };
		D897B4141BDBF39B006C60B0 /* Reader-Export@2x.png in Resources */ = {isa = PBXBuildFile; fileRef = 4521AB3E19C5EE6000B16688 /* Reader-Export@2x.png */; };
		D897B4151BDBF39B006C60B0 /* Reader-Mark-N.png in Resources */ = {isa = PBXBuildFile; fileRef = 45AB72BE141FBFCA003524C3 /* Reader-Mark-N.png */; };
		D897B4161BDBF39B006C60B0 /* Reader-Mark-N@2x.png in Resources */ = {isa = PBXBuildFile; fileRef = 45AB72BF141FBFCA003524C3 /* Reader-Mark-N@2x.png */; };
		D897B4171BDBF39B006C60B0 /* Reader-Mark-Y.png in Resources */ = {isa = PBXBuildFile; fileRef = 45AB72C0141FBFCA003524C3 /* Reader-Mark-Y.png */; };
		D897B4181BDBF39B006C60B0 /* Reader-Mark-Y@2x.png in Resources */ = {isa = PBXBuildFile; fileRef = 45AB72C1141FBFCA003524C3 /* Reader-Mark-Y@2x.png */; };
		D897B4191BDBF39B006C60B0 /* Reader-Print.png in Resources */ = {isa = PBXBuildFile; fileRef = 45AB72C2141FBFCA003524C3 /* Reader-Print.png */; };
		D897B41A1BDBF39B006C60B0 /* Reader-Print@2x.png in Resources */ = {isa = PBXBuildFile; fileRef = 45AB72C3141FBFCA003524C3 /* Reader-Print@2x.png */; };
		D897B41B1BDBF39B006C60B0 /* Reader-Thumbs.png in Resources */ = {isa = PBXBuildFile; fileRef = 45AB72C4141FBFCA003524C3 /* Reader-Thumbs.png */; };
		D897B41C1BDBF39B006C60B0 /* Reader-Thumbs@2x.png in Resources */ = {isa = PBXBuildFile; fileRef = 45AB72C5141FBFCA003524C3 /* Reader-Thumbs@2x.png */; };
		D897B41D1BDBF3A1006C60B0 /* Localizable.strings in Resources */ = {isa = PBXBuildFile; fileRef = 4541A9D7122EA716001A5E60 /* Localizable.strings */; };
		D897B41E1BDBF3DD006C60B0 /* ReaderConstants.h in Headers */ = {isa = PBXBuildFile; fileRef = 45AB72EF141FC0B1003524C3 /* ReaderConstants.h */; settings = {ATTRIBUTES = (Public, ); }; };
		D897B41F1BDBF3DD006C60B0 /* ReaderDocument.h in Headers */ = {isa = PBXBuildFile; fileRef = 45AB72F7141FC0B1003524C3 /* ReaderDocument.h */; settings = {ATTRIBUTES = (Public, ); }; };
		D897B4201BDBF3DD006C60B0 /* ReaderViewController.h in Headers */ = {isa = PBXBuildFile; fileRef = 45AB730D141FC0B1003524C3 /* ReaderViewController.h */; settings = {ATTRIBUTES = (Public, ); }; };
		D897B4211BDBF3DD006C60B0 /* ReaderMainToolbar.h in Headers */ = {isa = PBXBuildFile; fileRef = 45AB72FB141FC0B1003524C3 /* ReaderMainToolbar.h */; settings = {ATTRIBUTES = (Public, ); }; };
		D897B4221BDBF3DD006C60B0 /* ReaderMainPagebar.h in Headers */ = {isa = PBXBuildFile; fileRef = 45AB72F9141FC0B1003524C3 /* ReaderMainPagebar.h */; settings = {ATTRIBUTES = (Public, ); }; };
		D897B4231BDBF3DD006C60B0 /* ReaderContentView.h in Headers */ = {isa = PBXBuildFile; fileRef = 45AB72F5141FC0B1003524C3 /* ReaderContentView.h */; settings = {ATTRIBUTES = (Public, ); }; };
		D897B4241BDBF3DD006C60B0 /* ReaderContentPage.h in Headers */ = {isa = PBXBuildFile; fileRef = 45AB72F1141FC0B1003524C3 /* ReaderContentPage.h */; settings = {ATTRIBUTES = (Public, ); }; };
		D897B4251BDBF3DD006C60B0 /* ReaderContentTile.h in Headers */ = {isa = PBXBuildFile; fileRef = 45AB72F3141FC0B1003524C3 /* ReaderContentTile.h */; settings = {ATTRIBUTES = (Public, ); }; };
		D897B4261BDBF3DD006C60B0 /* ThumbsViewController.h in Headers */ = {isa = PBXBuildFile; fileRef = 45AB7311141FC0B1003524C3 /* ThumbsViewController.h */; settings = {ATTRIBUTES = (Public, ); }; };
		D897B4271BDBF3DD006C60B0 /* ThumbsMainToolbar.h in Headers */ = {isa = PBXBuildFile; fileRef = 45AB730F141FC0B1003524C3 /* ThumbsMainToolbar.h */; settings = {ATTRIBUTES = (Public, ); }; };
		D897B4281BDBF3DD006C60B0 /* CGPDFDocument.h in Headers */ = {isa = PBXBuildFile; fileRef = 45AB72ED141FC0B1003524C3 /* CGPDFDocument.h */; settings = {ATTRIBUTES = (Public, ); }; };
		D897B4291BDBF3DD006C60B0 /* ReaderDocumentOutline.h in Headers */ = {isa = PBXBuildFile; fileRef = 45D5ADA11610EADC00706B9A /* ReaderDocumentOutline.h */; settings = {ATTRIBUTES = (Public, ); }; };
		D897B42A1BDBF3DD006C60B0 /* ReaderThumbRequest.h in Headers */ = {isa = PBXBuildFile; fileRef = 45AB7307141FC0B1003524C3 /* ReaderThumbRequest.h */; settings = {ATTRIBUTES = (Public, ); }; };
		D897B42B1BDBF3DD006C60B0 /* ReaderThumbCache.h in Headers */ = {isa = PBXBuildFile; fileRef = 45AB72FF141FC0B1003524C3 /* ReaderThumbCache.h */; settings = {ATTRIBUTES = (Public, ); }; };
		D897B42C1BDBF3DD006C60B0 /* ReaderThumbQueue.h in Headers */ = {isa = PBXBuildFile; fileRef = 45AB7303141FC0B1003524C3 /* ReaderThumbQueue.h */; settings = {ATTRIBUTES = (Public, ); }; };
		D897B42D1BDBF3DD006C60B0 /* ReaderThumbFetch.h in Headers */ = {isa = PBXBuildFile; fileRef = 45AB7301141FC0B1003524C3 /* ReaderThumbFetch.h */; settings = {ATTRIBUTES = (Public, ); }; };
		D897B42E1BDBF3DD006C60B0 /* ReaderThumbRender.h in Headers */ = {isa = PBXBuildFile; fileRef = 45AB7305141FC0B1003524C3 /* ReaderThumbRender.h */; settings = {ATTRIBUTES = (Public, ); }; };
		D897B42F1BDBF3DD006C60B0 /* ReaderThumbsView.h in Headers */ = {isa = PBXBuildFile; fileRef = 45AB7309141FC0B1003524C3 /* ReaderThumbsView.h */; settings = {ATTRIBUTES = (Public, ); }; };
		D897B4301BDBF3DD006C60B0 /* ReaderThumbView.h in Headers */ = {isa = PBXBuildFile; fileRef = 45AB730B141FC0B1003524C3 /* ReaderThumbView.h */; settings = {ATTRIBUTES = (Public, ); }; };
		D897B4311BDBF3DD006C60B0 /* UIXToolbarView.h in Headers */ = {isa = PBXBuildFile; fileRef = 455C788F142687CA0053D73B /* UIXToolbarView.h */; settings = {ATTRIBUTES = (Public, ); }; };
/* End PBXBuildFile section */

/* Begin PBXFileReference section */
		1D30AB110D05D00D00671497 /* Foundation.framework */ = {isa = PBXFileReference; lastKnownFileType = wrapper.framework; name = Foundation.framework; path = System/Library/Frameworks/Foundation.framework; sourceTree = SDKROOT; };
		1D6058910D05DD3D006BFB54 /* Reader.app */ = {isa = PBXFileReference; explicitFileType = wrapper.application; includeInIndex = 0; path = Reader.app; sourceTree = BUILT_PRODUCTS_DIR; };
		1DF5F4DF0D08C38300B7A737 /* UIKit.framework */ = {isa = PBXFileReference; lastKnownFileType = wrapper.framework; name = UIKit.framework; path = System/Library/Frameworks/UIKit.framework; sourceTree = SDKROOT; };
		288765FC0DF74451002DB57D /* CoreGraphics.framework */ = {isa = PBXFileReference; lastKnownFileType = wrapper.framework; name = CoreGraphics.framework; path = System/Library/Frameworks/CoreGraphics.framework; sourceTree = SDKROOT; };
		29B97316FDCFA39411CA2CEA /* main.m */ = {isa = PBXFileReference; fileEncoding = 4; lastKnownFileType = sourcecode.c.objc; path = main.m; sourceTree = "<group>"; };
		32CA4F630368D1EE00C91783 /* Reader-Prefix.pch */ = {isa = PBXFileReference; fileEncoding = 4; lastKnownFileType = sourcecode.c.h; path = "Reader-Prefix.pch"; sourceTree = "<group>"; };
		450A670311D27B9D00014BF5 /* QuartzCore.framework */ = {isa = PBXFileReference; lastKnownFileType = wrapper.framework; name = QuartzCore.framework; path = System/Library/Frameworks/QuartzCore.framework; sourceTree = SDKROOT; };
		4513ACFA19C4A1FB004916D1 /* AppIcon-180.png */ = {isa = PBXFileReference; lastKnownFileType = image.png; name = "AppIcon-180.png"; path = "Graphics/AppIcon-180.png"; sourceTree = "<group>"; };
		4513ACFC19C4A636004916D1 /* Todo.txt */ = {isa = PBXFileReference; fileEncoding = 4; lastKnownFileType = text; path = Todo.txt; sourceTree = "<group>"; };
		4521AB3D19C5EE6000B16688 /* Reader-Export.png */ = {isa = PBXFileReference; lastKnownFileType = image.png; name = "Reader-Export.png"; path = "Graphics/Reader-Export.png"; sourceTree = "<group>"; };
		4521AB3E19C5EE6000B16688 /* Reader-Export@2x.png */ = {isa = PBXFileReference; lastKnownFileType = image.png; name = "Reader-Export@2x.png"; path = "Graphics/Reader-Export@2x.png"; sourceTree = "<group>"; };
		4541A9D5122EA686001A5E60 /* en */ = {isa = PBXFileReference; fileEncoding = 10; indentWidth = 4; lastKnownFileType = text.plist.strings; name = en; path = Resources/en.lproj/Localizable.strings; sourceTree = "<group>"; tabWidth = 4; };
		4555C74A14211A00005F448D /* ReaderBookDelegate.h */ = {isa = PBXFileReference; fileEncoding = 4; lastKnownFileType = sourcecode.c.h; path = ReaderBookDelegate.h; sourceTree = "<group>"; };
		4555C74B14211A00005F448D /* ReaderBookDelegate.m */ = {isa = PBXFileReference; fileEncoding = 4; lastKnownFileType = sourcecode.c.objc; path = ReaderBookDelegate.m; sourceTree = "<group>"; };
		455C788F142687CA0053D73B /* UIXToolbarView.h */ = {isa = PBXFileReference; fileEncoding = 4; lastKnownFileType = sourcecode.c.h; name = UIXToolbarView.h; path = Sources/UIXToolbarView.h; sourceTree = "<group>"; };
		455C7890142687CA0053D73B /* UIXToolbarView.m */ = {isa = PBXFileReference; fileEncoding = 4; lastKnownFileType = sourcecode.c.objc; name = UIXToolbarView.m; path = Sources/UIXToolbarView.m; sourceTree = "<group>"; };
		455C789914268F6A0053D73B /* Reader-Button-H.png */ = {isa = PBXFileReference; lastKnownFileType = image.png; name = "Reader-Button-H.png"; path = "Graphics/Reader-Button-H.png"; sourceTree = "<group>"; };
		455C789A14268F6A0053D73B /* Reader-Button-H@2x.png */ = {isa = PBXFileReference; lastKnownFileType = image.png; name = "Reader-Button-H@2x.png"; path = "Graphics/Reader-Button-H@2x.png"; sourceTree = "<group>"; };
		455C789B14268F6A0053D73B /* Reader-Button-N.png */ = {isa = PBXFileReference; lastKnownFileType = image.png; name = "Reader-Button-N.png"; path = "Graphics/Reader-Button-N.png"; sourceTree = "<group>"; };
		455C789C14268F6A0053D73B /* Reader-Button-N@2x.png */ = {isa = PBXFileReference; lastKnownFileType = image.png; name = "Reader-Button-N@2x.png"; path = "Graphics/Reader-Button-N@2x.png"; sourceTree = "<group>"; };
		458BF155143E077500CDF567 /* de */ = {isa = PBXFileReference; lastKnownFileType = text.plist.strings; name = de; path = Resources/de.lproj/Localizable.strings; sourceTree = "<group>"; };
		458DDFD6140D45FA00C5DA94 /* ImageIO.framework */ = {isa = PBXFileReference; lastKnownFileType = wrapper.framework; name = ImageIO.framework; path = System/Library/Frameworks/ImageIO.framework; sourceTree = SDKROOT; };
		458F25911AC1D417000716F1 /* fr */ = {isa = PBXFileReference; lastKnownFileType = text.plist.strings; name = fr; path = Resources/fr.lproj/Localizable.strings; sourceTree = "<group>"; };
		458F25921AC1D425000716F1 /* es */ = {isa = PBXFileReference; lastKnownFileType = text.plist.strings; name = es; path = Resources/es.lproj/Localizable.strings; sourceTree = "<group>"; };
		45AB72BC141FBFCA003524C3 /* Reader-Email.png */ = {isa = PBXFileReference; lastKnownFileType = image.png; name = "Reader-Email.png"; path = "Graphics/Reader-Email.png"; sourceTree = "<group>"; };
		45AB72BD141FBFCA003524C3 /* Reader-Email@2x.png */ = {isa = PBXFileReference; lastKnownFileType = image.png; name = "Reader-Email@2x.png"; path = "Graphics/Reader-Email@2x.png"; sourceTree = "<group>"; };
		45AB72BE141FBFCA003524C3 /* Reader-Mark-N.png */ = {isa = PBXFileReference; lastKnownFileType = image.png; name = "Reader-Mark-N.png"; path = "Graphics/Reader-Mark-N.png"; sourceTree = "<group>"; };
		45AB72BF141FBFCA003524C3 /* Reader-Mark-N@2x.png */ = {isa = PBXFileReference; lastKnownFileType = image.png; name = "Reader-Mark-N@2x.png"; path = "Graphics/Reader-Mark-N@2x.png"; sourceTree = "<group>"; };
		45AB72C0141FBFCA003524C3 /* Reader-Mark-Y.png */ = {isa = PBXFileReference; lastKnownFileType = image.png; name = "Reader-Mark-Y.png"; path = "Graphics/Reader-Mark-Y.png"; sourceTree = "<group>"; };
		45AB72C1141FBFCA003524C3 /* Reader-Mark-Y@2x.png */ = {isa = PBXFileReference; lastKnownFileType = image.png; name = "Reader-Mark-Y@2x.png"; path = "Graphics/Reader-Mark-Y@2x.png"; sourceTree = "<group>"; };
		45AB72C2141FBFCA003524C3 /* Reader-Print.png */ = {isa = PBXFileReference; lastKnownFileType = image.png; name = "Reader-Print.png"; path = "Graphics/Reader-Print.png"; sourceTree = "<group>"; };
		45AB72C3141FBFCA003524C3 /* Reader-Print@2x.png */ = {isa = PBXFileReference; lastKnownFileType = image.png; name = "Reader-Print@2x.png"; path = "Graphics/Reader-Print@2x.png"; sourceTree = "<group>"; };
		45AB72C4141FBFCA003524C3 /* Reader-Thumbs.png */ = {isa = PBXFileReference; lastKnownFileType = image.png; name = "Reader-Thumbs.png"; path = "Graphics/Reader-Thumbs.png"; sourceTree = "<group>"; };
		45AB72C5141FBFCA003524C3 /* Reader-Thumbs@2x.png */ = {isa = PBXFileReference; lastKnownFileType = image.png; name = "Reader-Thumbs@2x.png"; path = "Graphics/Reader-Thumbs@2x.png"; sourceTree = "<group>"; };
		45AB72DB141FC039003524C3 /* Reader.pdf */ = {isa = PBXFileReference; lastKnownFileType = image.pdf; name = Reader.pdf; path = Resources/Reader.pdf; sourceTree = "<group>"; };
		45AB72DD141FC043003524C3 /* LICENSE.md */ = {isa = PBXFileReference; fileEncoding = 4; indentWidth = 8; lastKnownFileType = text; path = LICENSE.md; sourceTree = "<group>"; tabWidth = 8; };
		45AB72DF141FC04B003524C3 /* README.md */ = {isa = PBXFileReference; fileEncoding = 4; indentWidth = 8; lastKnownFileType = text; path = README.md; sourceTree = "<group>"; tabWidth = 8; };
		45AB72E7141FC0A2003524C3 /* ReaderAppDelegate.h */ = {isa = PBXFileReference; fileEncoding = 4; lastKnownFileType = sourcecode.c.h; path = ReaderAppDelegate.h; sourceTree = "<group>"; };
		45AB72E8141FC0A2003524C3 /* ReaderAppDelegate.m */ = {isa = PBXFileReference; fileEncoding = 4; lastKnownFileType = sourcecode.c.objc; path = ReaderAppDelegate.m; sourceTree = "<group>"; };
		45AB72E9141FC0A2003524C3 /* ReaderDemoController.h */ = {isa = PBXFileReference; fileEncoding = 4; lastKnownFileType = sourcecode.c.h; path = ReaderDemoController.h; sourceTree = "<group>"; };
		45AB72EA141FC0A2003524C3 /* ReaderDemoController.m */ = {isa = PBXFileReference; fileEncoding = 4; lastKnownFileType = sourcecode.c.objc; path = ReaderDemoController.m; sourceTree = "<group>"; };
		45AB72ED141FC0B1003524C3 /* CGPDFDocument.h */ = {isa = PBXFileReference; fileEncoding = 4; lastKnownFileType = sourcecode.c.h; name = CGPDFDocument.h; path = Sources/CGPDFDocument.h; sourceTree = "<group>"; };
		45AB72EE141FC0B1003524C3 /* CGPDFDocument.m */ = {isa = PBXFileReference; fileEncoding = 4; lastKnownFileType = sourcecode.c.objc; name = CGPDFDocument.m; path = Sources/CGPDFDocument.m; sourceTree = "<group>"; };
		45AB72EF141FC0B1003524C3 /* ReaderConstants.h */ = {isa = PBXFileReference; fileEncoding = 4; lastKnownFileType = sourcecode.c.h; name = ReaderConstants.h; path = Sources/ReaderConstants.h; sourceTree = "<group>"; };
		45AB72F0141FC0B1003524C3 /* ReaderConstants.m */ = {isa = PBXFileReference; fileEncoding = 4; lastKnownFileType = sourcecode.c.objc; name = ReaderConstants.m; path = Sources/ReaderConstants.m; sourceTree = "<group>"; };
		45AB72F1141FC0B1003524C3 /* ReaderContentPage.h */ = {isa = PBXFileReference; fileEncoding = 4; lastKnownFileType = sourcecode.c.h; name = ReaderContentPage.h; path = Sources/ReaderContentPage.h; sourceTree = "<group>"; };
		45AB72F2141FC0B1003524C3 /* ReaderContentPage.m */ = {isa = PBXFileReference; fileEncoding = 4; lastKnownFileType = sourcecode.c.objc; name = ReaderContentPage.m; path = Sources/ReaderContentPage.m; sourceTree = "<group>"; };
		45AB72F3141FC0B1003524C3 /* ReaderContentTile.h */ = {isa = PBXFileReference; fileEncoding = 4; lastKnownFileType = sourcecode.c.h; name = ReaderContentTile.h; path = Sources/ReaderContentTile.h; sourceTree = "<group>"; };
		45AB72F4141FC0B1003524C3 /* ReaderContentTile.m */ = {isa = PBXFileReference; fileEncoding = 4; lastKnownFileType = sourcecode.c.objc; name = ReaderContentTile.m; path = Sources/ReaderContentTile.m; sourceTree = "<group>"; };
		45AB72F5141FC0B1003524C3 /* ReaderContentView.h */ = {isa = PBXFileReference; fileEncoding = 4; lastKnownFileType = sourcecode.c.h; name = ReaderContentView.h; path = Sources/ReaderContentView.h; sourceTree = "<group>"; };
		45AB72F6141FC0B1003524C3 /* ReaderContentView.m */ = {isa = PBXFileReference; fileEncoding = 4; lastKnownFileType = sourcecode.c.objc; name = ReaderContentView.m; path = Sources/ReaderContentView.m; sourceTree = "<group>"; };
		45AB72F7141FC0B1003524C3 /* ReaderDocument.h */ = {isa = PBXFileReference; fileEncoding = 4; lastKnownFileType = sourcecode.c.h; name = ReaderDocument.h; path = Sources/ReaderDocument.h; sourceTree = "<group>"; };
		45AB72F8141FC0B1003524C3 /* ReaderDocument.m */ = {isa = PBXFileReference; fileEncoding = 4; lastKnownFileType = sourcecode.c.objc; name = ReaderDocument.m; path = Sources/ReaderDocument.m; sourceTree = "<group>"; };
		45AB72F9141FC0B1003524C3 /* ReaderMainPagebar.h */ = {isa = PBXFileReference; fileEncoding = 4; lastKnownFileType = sourcecode.c.h; name = ReaderMainPagebar.h; path = Sources/ReaderMainPagebar.h; sourceTree = "<group>"; };
		45AB72FA141FC0B1003524C3 /* ReaderMainPagebar.m */ = {isa = PBXFileReference; fileEncoding = 4; lastKnownFileType = sourcecode.c.objc; name = ReaderMainPagebar.m; path = Sources/ReaderMainPagebar.m; sourceTree = "<group>"; };
		45AB72FB141FC0B1003524C3 /* ReaderMainToolbar.h */ = {isa = PBXFileReference; fileEncoding = 4; lastKnownFileType = sourcecode.c.h; name = ReaderMainToolbar.h; path = Sources/ReaderMainToolbar.h; sourceTree = "<group>"; };
		45AB72FC141FC0B1003524C3 /* ReaderMainToolbar.m */ = {isa = PBXFileReference; fileEncoding = 4; lastKnownFileType = sourcecode.c.objc; name = ReaderMainToolbar.m; path = Sources/ReaderMainToolbar.m; sourceTree = "<group>"; };
		45AB72FF141FC0B1003524C3 /* ReaderThumbCache.h */ = {isa = PBXFileReference; fileEncoding = 4; lastKnownFileType = sourcecode.c.h; name = ReaderThumbCache.h; path = Sources/ReaderThumbCache.h; sourceTree = "<group>"; };
		45AB7300141FC0B1003524C3 /* ReaderThumbCache.m */ = {isa = PBXFileReference; fileEncoding = 4; lastKnownFileType = sourcecode.c.objc; name = ReaderThumbCache.m; path = Sources/ReaderThumbCache.m; sourceTree = "<group>"; };
		45AB7301141FC0B1003524C3 /* ReaderThumbFetch.h */ = {isa = PBXFileReference; fileEncoding = 4; lastKnownFileType = sourcecode.c.h; name = ReaderThumbFetch.h; path = Sources/ReaderThumbFetch.h; sourceTree = "<group>"; };
		45AB7302141FC0B1003524C3 /* ReaderThumbFetch.m */ = {isa = PBXFileReference; fileEncoding = 4; lastKnownFileType = sourcecode.c.objc; name = ReaderThumbFetch.m; path = Sources/ReaderThumbFetch.m; sourceTree = "<group>"; };
		45AB7303141FC0B1003524C3 /* ReaderThumbQueue.h */ = {isa = PBXFileReference; fileEncoding = 4; lastKnownFileType = sourcecode.c.h; name = ReaderThumbQueue.h; path = Sources/ReaderThumbQueue.h; sourceTree = "<group>"; };
		45AB7304141FC0B1003524C3 /* ReaderThumbQueue.m */ = {isa = PBXFileReference; fileEncoding = 4; lastKnownFileType = sourcecode.c.objc; name = ReaderThumbQueue.m; path = Sources/ReaderThumbQueue.m; sourceTree = "<group>"; };
		45AB7305141FC0B1003524C3 /* ReaderThumbRender.h */ = {isa = PBXFileReference; fileEncoding = 4; lastKnownFileType = sourcecode.c.h; name = ReaderThumbRender.h; path = Sources/ReaderThumbRender.h; sourceTree = "<group>"; };
		45AB7306141FC0B1003524C3 /* ReaderThumbRender.m */ = {isa = PBXFileReference; fileEncoding = 4; lastKnownFileType = sourcecode.c.objc; name = ReaderThumbRender.m; path = Sources/ReaderThumbRender.m; sourceTree = "<group>"; };
		45AB7307141FC0B1003524C3 /* ReaderThumbRequest.h */ = {isa = PBXFileReference; fileEncoding = 4; lastKnownFileType = sourcecode.c.h; name = ReaderThumbRequest.h; path = Sources/ReaderThumbRequest.h; sourceTree = "<group>"; };
		45AB7308141FC0B1003524C3 /* ReaderThumbRequest.m */ = {isa = PBXFileReference; fileEncoding = 4; lastKnownFileType = sourcecode.c.objc; name = ReaderThumbRequest.m; path = Sources/ReaderThumbRequest.m; sourceTree = "<group>"; };
		45AB7309141FC0B1003524C3 /* ReaderThumbsView.h */ = {isa = PBXFileReference; fileEncoding = 4; lastKnownFileType = sourcecode.c.h; name = ReaderThumbsView.h; path = Sources/ReaderThumbsView.h; sourceTree = "<group>"; };
		45AB730A141FC0B1003524C3 /* ReaderThumbsView.m */ = {isa = PBXFileReference; fileEncoding = 4; lastKnownFileType = sourcecode.c.objc; name = ReaderThumbsView.m; path = Sources/ReaderThumbsView.m; sourceTree = "<group>"; };
		45AB730B141FC0B1003524C3 /* ReaderThumbView.h */ = {isa = PBXFileReference; fileEncoding = 4; lastKnownFileType = sourcecode.c.h; name = ReaderThumbView.h; path = Sources/ReaderThumbView.h; sourceTree = "<group>"; };
		45AB730C141FC0B1003524C3 /* ReaderThumbView.m */ = {isa = PBXFileReference; fileEncoding = 4; lastKnownFileType = sourcecode.c.objc; name = ReaderThumbView.m; path = Sources/ReaderThumbView.m; sourceTree = "<group>"; };
		45AB730D141FC0B1003524C3 /* ReaderViewController.h */ = {isa = PBXFileReference; fileEncoding = 4; lastKnownFileType = sourcecode.c.h; name = ReaderViewController.h; path = Sources/ReaderViewController.h; sourceTree = "<group>"; };
		45AB730E141FC0B1003524C3 /* ReaderViewController.m */ = {isa = PBXFileReference; fileEncoding = 4; lastKnownFileType = sourcecode.c.objc; name = ReaderViewController.m; path = Sources/ReaderViewController.m; sourceTree = "<group>"; };
		45AB730F141FC0B1003524C3 /* ThumbsMainToolbar.h */ = {isa = PBXFileReference; fileEncoding = 4; lastKnownFileType = sourcecode.c.h; name = ThumbsMainToolbar.h; path = Sources/ThumbsMainToolbar.h; sourceTree = "<group>"; };
		45AB7310141FC0B1003524C3 /* ThumbsMainToolbar.m */ = {isa = PBXFileReference; fileEncoding = 4; lastKnownFileType = sourcecode.c.objc; name = ThumbsMainToolbar.m; path = Sources/ThumbsMainToolbar.m; sourceTree = "<group>"; };
		45AB7311141FC0B1003524C3 /* ThumbsViewController.h */ = {isa = PBXFileReference; fileEncoding = 4; lastKnownFileType = sourcecode.c.h; name = ThumbsViewController.h; path = Sources/ThumbsViewController.h; sourceTree = "<group>"; };
		45AB7312141FC0B1003524C3 /* ThumbsViewController.m */ = {isa = PBXFileReference; fileEncoding = 4; lastKnownFileType = sourcecode.c.objc; name = ThumbsViewController.m; path = Sources/ThumbsViewController.m; sourceTree = "<group>"; };
		45BD5AFD13AE721A00D6FE97 /* MessageUI.framework */ = {isa = PBXFileReference; lastKnownFileType = wrapper.framework; name = MessageUI.framework; path = System/Library/Frameworks/MessageUI.framework; sourceTree = SDKROOT; };
		45D5AD9E1610E66B00706B9A /* HISTORY.md */ = {isa = PBXFileReference; fileEncoding = 4; lastKnownFileType = text; path = HISTORY.md; sourceTree = "<group>"; };
		45D5ADA11610EADC00706B9A /* ReaderDocumentOutline.h */ = {isa = PBXFileReference; fileEncoding = 4; lastKnownFileType = sourcecode.c.h; name = ReaderDocumentOutline.h; path = Sources/ReaderDocumentOutline.h; sourceTree = "<group>"; };
		45D5ADA21610EADC00706B9A /* ReaderDocumentOutline.m */ = {isa = PBXFileReference; fileEncoding = 4; lastKnownFileType = sourcecode.c.objc; name = ReaderDocumentOutline.m; path = Sources/ReaderDocumentOutline.m; sourceTree = "<group>"; };
		8D1107310486CEB800E47090 /* Reader-Info.plist */ = {isa = PBXFileReference; fileEncoding = 4; lastKnownFileType = text.plist.xml; path = "Reader-Info.plist"; plistStructureDefinitionIdentifier = "com.apple.xcode.plist.structure-definition.iphone.info-plist"; sourceTree = "<group>"; };
		A1789FCC1EE771A3001FA340 /* AppIcon-076.png */ = {isa = PBXFileReference; lastKnownFileType = image.png; name = "AppIcon-076.png"; path = "Graphics/AppIcon-076.png"; sourceTree = "<group>"; };
		A1789FCD1EE771A3001FA340 /* AppIcon-120.png */ = {isa = PBXFileReference; lastKnownFileType = image.png; name = "AppIcon-120.png"; path = "Graphics/AppIcon-120.png"; sourceTree = "<group>"; };
		A1789FCE1EE771A3001FA340 /* AppIcon-152.png */ = {isa = PBXFileReference; lastKnownFileType = image.png; name = "AppIcon-152.png"; path = "Graphics/AppIcon-152.png"; sourceTree = "<group>"; };
		A1789FCF1EE771A3001FA340 /* AppIcon-167.png */ = {isa = PBXFileReference; lastKnownFileType = image.png; name = "AppIcon-167.png"; path = "Graphics/AppIcon-167.png"; sourceTree = "<group>"; };
		D897B3E61BDBF2F5006C60B0 /* ReaderFramework.framework */ = {isa = PBXFileReference; explicitFileType = wrapper.framework; includeInIndex = 0; path = ReaderFramework.framework; sourceTree = BUILT_PRODUCTS_DIR; };
		D897B3E81BDBF2F5006C60B0 /* ReaderFramework.h */ = {isa = PBXFileReference; lastKnownFileType = sourcecode.c.h; path = ReaderFramework.h; sourceTree = "<group>"; };
		D897B3EA1BDBF2F5006C60B0 /* Info.plist */ = {isa = PBXFileReference; lastKnownFileType = text.plist.xml; path = Info.plist; sourceTree = "<group>"; };
/* End PBXFileReference section */

/* Begin PBXFrameworksBuildPhase section */
		1D60588F0D05DD3D006BFB54 /* Frameworks */ = {
			isa = PBXFrameworksBuildPhase;
			buildActionMask = 2147483647;
			files = (
				1DF5F4E00D08C38300B7A737 /* UIKit.framework in Frameworks */,
				1D60589F0D05DD5A006BFB54 /* Foundation.framework in Frameworks */,
				288765FD0DF74451002DB57D /* CoreGraphics.framework in Frameworks */,
				450A670411D27B9D00014BF5 /* QuartzCore.framework in Frameworks */,
				45BD5AFE13AE721A00D6FE97 /* MessageUI.framework in Frameworks */,
				458DDFD7140D45FA00C5DA94 /* ImageIO.framework in Frameworks */,
			);
			runOnlyForDeploymentPostprocessing = 0;
		};
		D897B3E21BDBF2F5006C60B0 /* Frameworks */ = {
			isa = PBXFrameworksBuildPhase;
			buildActionMask = 2147483647;
			files = (
				D897B40C1BDBF36C006C60B0 /* ImageIO.framework in Frameworks */,
				D897B40B1BDBF366006C60B0 /* MessageUI.framework in Frameworks */,
				D897B40A1BDBF35E006C60B0 /* QuartzCore.framework in Frameworks */,
				D897B4091BDBF357006C60B0 /* CoreGraphics.framework in Frameworks */,
				D897B4081BDBF34E006C60B0 /* Foundation.framework in Frameworks */,
				D897B4071BDBF347006C60B0 /* UIKit.framework in Frameworks */,
			);
			runOnlyForDeploymentPostprocessing = 0;
		};
/* End PBXFrameworksBuildPhase section */

/* Begin PBXGroup section */
		080E96DDFE201D6D7F000001 /* Classes */ = {
			isa = PBXGroup;
			children = (
				45AB72E7141FC0A2003524C3 /* ReaderAppDelegate.h */,
				45AB72E8141FC0A2003524C3 /* ReaderAppDelegate.m */,
				45AB72E9141FC0A2003524C3 /* ReaderDemoController.h */,
				45AB72EA141FC0A2003524C3 /* ReaderDemoController.m */,
				4555C74A14211A00005F448D /* ReaderBookDelegate.h */,
				4555C74B14211A00005F448D /* ReaderBookDelegate.m */,
			);
			path = Classes;
			sourceTree = "<group>";
		};
		19C28FACFE9D520D11CA2CBB /* Products */ = {
			isa = PBXGroup;
			children = (
				1D6058910D05DD3D006BFB54 /* Reader.app */,
				D897B3E61BDBF2F5006C60B0 /* ReaderFramework.framework */,
			);
			name = Products;
			sourceTree = "<group>";
		};
		29B97314FDCFA39411CA2CEA /* CustomTemplate */ = {
			isa = PBXGroup;
			children = (
				080E96DDFE201D6D7F000001 /* Classes */,
				45943FC217FDC9ED003CC77A /* Reader */,
				29B97315FDCFA39411CA2CEA /* Support Files */,
				29B97317FDCFA39411CA2CEA /* Resources */,
				450A66D911D27B5800014BF5 /* Graphics */,
				D897B3E71BDBF2F5006C60B0 /* ReaderFramework */,
				29B97323FDCFA39411CA2CEA /* Frameworks */,
				19C28FACFE9D520D11CA2CBB /* Products */,
			);
			name = CustomTemplate;
			sourceTree = "<group>";
		};
		29B97315FDCFA39411CA2CEA /* Support Files */ = {
			isa = PBXGroup;
			children = (
				4513ACFC19C4A636004916D1 /* Todo.txt */,
				8D1107310486CEB800E47090 /* Reader-Info.plist */,
				32CA4F630368D1EE00C91783 /* Reader-Prefix.pch */,
				29B97316FDCFA39411CA2CEA /* main.m */,
			);
			name = "Support Files";
			sourceTree = "<group>";
		};
		29B97317FDCFA39411CA2CEA /* Resources */ = {
			isa = PBXGroup;
			children = (
				4541A9D7122EA716001A5E60 /* Localizable.strings */,
				45AB72DF141FC04B003524C3 /* README.md */,
				45D5AD9E1610E66B00706B9A /* HISTORY.md */,
				45AB72DD141FC043003524C3 /* LICENSE.md */,
				45AB72DB141FC039003524C3 /* Reader.pdf */,
			);
			name = Resources;
			sourceTree = "<group>";
		};
		29B97323FDCFA39411CA2CEA /* Frameworks */ = {
			isa = PBXGroup;
			children = (
				1DF5F4DF0D08C38300B7A737 /* UIKit.framework */,
				1D30AB110D05D00D00671497 /* Foundation.framework */,
				288765FC0DF74451002DB57D /* CoreGraphics.framework */,
				450A670311D27B9D00014BF5 /* QuartzCore.framework */,
				45BD5AFD13AE721A00D6FE97 /* MessageUI.framework */,
				458DDFD6140D45FA00C5DA94 /* ImageIO.framework */,
			);
			name = Frameworks;
			sourceTree = "<group>";
		};
		450A66D911D27B5800014BF5 /* Graphics */ = {
			isa = PBXGroup;
			children = (
				45943FC317FDCA36003CC77A /* App */,
				45943FC417FDCA3E003CC77A /* Reader */,
			);
			name = Graphics;
			sourceTree = "<group>";
		};
		45943FC217FDC9ED003CC77A /* Reader */ = {
			isa = PBXGroup;
			children = (
				45BD5A7C13AE6C3B00D6FE97 /* Sources */,
				45CED630140BD22A0092F460 /* Support */,
			);
			name = Reader;
			sourceTree = "<group>";
		};
		45943FC317FDCA36003CC77A /* App */ = {
			isa = PBXGroup;
			children = (
				A1789FCC1EE771A3001FA340 /* AppIcon-076.png */,
				A1789FCD1EE771A3001FA340 /* AppIcon-120.png */,
				A1789FCE1EE771A3001FA340 /* AppIcon-152.png */,
				A1789FCF1EE771A3001FA340 /* AppIcon-167.png */,
				4513ACFA19C4A1FB004916D1 /* AppIcon-180.png */,
			);
			name = App;
			sourceTree = "<group>";
		};
		45943FC417FDCA3E003CC77A /* Reader */ = {
			isa = PBXGroup;
			children = (
				455C789914268F6A0053D73B /* Reader-Button-H.png */,
				455C789A14268F6A0053D73B /* Reader-Button-H@2x.png */,
				455C789B14268F6A0053D73B /* Reader-Button-N.png */,
				455C789C14268F6A0053D73B /* Reader-Button-N@2x.png */,
				45AB72BC141FBFCA003524C3 /* Reader-Email.png */,
				45AB72BD141FBFCA003524C3 /* Reader-Email@2x.png */,
				4521AB3D19C5EE6000B16688 /* Reader-Export.png */,
				4521AB3E19C5EE6000B16688 /* Reader-Export@2x.png */,
				45AB72BE141FBFCA003524C3 /* Reader-Mark-N.png */,
				45AB72BF141FBFCA003524C3 /* Reader-Mark-N@2x.png */,
				45AB72C0141FBFCA003524C3 /* Reader-Mark-Y.png */,
				45AB72C1141FBFCA003524C3 /* Reader-Mark-Y@2x.png */,
				45AB72C2141FBFCA003524C3 /* Reader-Print.png */,
				45AB72C3141FBFCA003524C3 /* Reader-Print@2x.png */,
				45AB72C4141FBFCA003524C3 /* Reader-Thumbs.png */,
				45AB72C5141FBFCA003524C3 /* Reader-Thumbs@2x.png */,
			);
			name = Reader;
			sourceTree = "<group>";
		};
		45BD5A7C13AE6C3B00D6FE97 /* Sources */ = {
			isa = PBXGroup;
			children = (
				45AB72EF141FC0B1003524C3 /* ReaderConstants.h */,
				45AB72F0141FC0B1003524C3 /* ReaderConstants.m */,
				45AB72F7141FC0B1003524C3 /* ReaderDocument.h */,
				45AB72F8141FC0B1003524C3 /* ReaderDocument.m */,
				45AB730D141FC0B1003524C3 /* ReaderViewController.h */,
				45AB730E141FC0B1003524C3 /* ReaderViewController.m */,
				45AB72FB141FC0B1003524C3 /* ReaderMainToolbar.h */,
				45AB72FC141FC0B1003524C3 /* ReaderMainToolbar.m */,
				45AB72F9141FC0B1003524C3 /* ReaderMainPagebar.h */,
				45AB72FA141FC0B1003524C3 /* ReaderMainPagebar.m */,
				45AB72F5141FC0B1003524C3 /* ReaderContentView.h */,
				45AB72F6141FC0B1003524C3 /* ReaderContentView.m */,
				45AB72F1141FC0B1003524C3 /* ReaderContentPage.h */,
				45AB72F2141FC0B1003524C3 /* ReaderContentPage.m */,
				45AB72F3141FC0B1003524C3 /* ReaderContentTile.h */,
				45AB72F4141FC0B1003524C3 /* ReaderContentTile.m */,
				45AB7311141FC0B1003524C3 /* ThumbsViewController.h */,
				45AB7312141FC0B1003524C3 /* ThumbsViewController.m */,
				45AB730F141FC0B1003524C3 /* ThumbsMainToolbar.h */,
				45AB7310141FC0B1003524C3 /* ThumbsMainToolbar.m */,
			);
			name = Sources;
			sourceTree = "<group>";
		};
		45CED630140BD22A0092F460 /* Support */ = {
			isa = PBXGroup;
			children = (
				45AB72ED141FC0B1003524C3 /* CGPDFDocument.h */,
				45AB72EE141FC0B1003524C3 /* CGPDFDocument.m */,
				45D5ADA11610EADC00706B9A /* ReaderDocumentOutline.h */,
				45D5ADA21610EADC00706B9A /* ReaderDocumentOutline.m */,
				45AB7307141FC0B1003524C3 /* ReaderThumbRequest.h */,
				45AB7308141FC0B1003524C3 /* ReaderThumbRequest.m */,
				45AB72FF141FC0B1003524C3 /* ReaderThumbCache.h */,
				45AB7300141FC0B1003524C3 /* ReaderThumbCache.m */,
				45AB7303141FC0B1003524C3 /* ReaderThumbQueue.h */,
				45AB7304141FC0B1003524C3 /* ReaderThumbQueue.m */,
				45AB7301141FC0B1003524C3 /* ReaderThumbFetch.h */,
				45AB7302141FC0B1003524C3 /* ReaderThumbFetch.m */,
				45AB7305141FC0B1003524C3 /* ReaderThumbRender.h */,
				45AB7306141FC0B1003524C3 /* ReaderThumbRender.m */,
				45AB7309141FC0B1003524C3 /* ReaderThumbsView.h */,
				45AB730A141FC0B1003524C3 /* ReaderThumbsView.m */,
				45AB730B141FC0B1003524C3 /* ReaderThumbView.h */,
				45AB730C141FC0B1003524C3 /* ReaderThumbView.m */,
				455C788F142687CA0053D73B /* UIXToolbarView.h */,
				455C7890142687CA0053D73B /* UIXToolbarView.m */,
			);
			name = Support;
			sourceTree = "<group>";
		};
		D897B3E71BDBF2F5006C60B0 /* ReaderFramework */ = {
			isa = PBXGroup;
			children = (
				D897B3E81BDBF2F5006C60B0 /* ReaderFramework.h */,
				D897B3EA1BDBF2F5006C60B0 /* Info.plist */,
			);
			path = ReaderFramework;
			sourceTree = "<group>";
		};
/* End PBXGroup section */

/* Begin PBXHeadersBuildPhase section */
		D897B3E31BDBF2F5006C60B0 /* Headers */ = {
			isa = PBXHeadersBuildPhase;
			buildActionMask = 2147483647;
			files = (
				D897B3E91BDBF2F5006C60B0 /* ReaderFramework.h in Headers */,
				D897B41E1BDBF3DD006C60B0 /* ReaderConstants.h in Headers */,
				D897B41F1BDBF3DD006C60B0 /* ReaderDocument.h in Headers */,
				D897B4201BDBF3DD006C60B0 /* ReaderViewController.h in Headers */,
				D897B4211BDBF3DD006C60B0 /* ReaderMainToolbar.h in Headers */,
				D897B4221BDBF3DD006C60B0 /* ReaderMainPagebar.h in Headers */,
				D897B4231BDBF3DD006C60B0 /* ReaderContentView.h in Headers */,
				D897B4241BDBF3DD006C60B0 /* ReaderContentPage.h in Headers */,
				D897B4251BDBF3DD006C60B0 /* ReaderContentTile.h in Headers */,
				D897B4261BDBF3DD006C60B0 /* ThumbsViewController.h in Headers */,
				D897B4271BDBF3DD006C60B0 /* ThumbsMainToolbar.h in Headers */,
				D897B4281BDBF3DD006C60B0 /* CGPDFDocument.h in Headers */,
				D897B4291BDBF3DD006C60B0 /* ReaderDocumentOutline.h in Headers */,
				D897B42A1BDBF3DD006C60B0 /* ReaderThumbRequest.h in Headers */,
				D897B42B1BDBF3DD006C60B0 /* ReaderThumbCache.h in Headers */,
				D897B42C1BDBF3DD006C60B0 /* ReaderThumbQueue.h in Headers */,
				D897B42D1BDBF3DD006C60B0 /* ReaderThumbFetch.h in Headers */,
				D897B42E1BDBF3DD006C60B0 /* ReaderThumbRender.h in Headers */,
				D897B42F1BDBF3DD006C60B0 /* ReaderThumbsView.h in Headers */,
				D897B4301BDBF3DD006C60B0 /* ReaderThumbView.h in Headers */,
				D897B4311BDBF3DD006C60B0 /* UIXToolbarView.h in Headers */,
			);
			runOnlyForDeploymentPostprocessing = 0;
		};
/* End PBXHeadersBuildPhase section */

/* Begin PBXNativeTarget section */
		1D6058900D05DD3D006BFB54 /* Reader */ = {
			isa = PBXNativeTarget;
			buildConfigurationList = 1D6058960D05DD3E006BFB54 /* Build configuration list for PBXNativeTarget "Reader" */;
			buildPhases = (
				1D60588D0D05DD3D006BFB54 /* Resources */,
				1D60588E0D05DD3D006BFB54 /* Sources */,
				1D60588F0D05DD3D006BFB54 /* Frameworks */,
			);
			buildRules = (
			);
			dependencies = (
			);
			name = Reader;
			productName = Reader;
			productReference = 1D6058910D05DD3D006BFB54 /* Reader.app */;
			productType = "com.apple.product-type.application";
		};
		D897B3E51BDBF2F5006C60B0 /* ReaderFramework */ = {
			isa = PBXNativeTarget;
			buildConfigurationList = D897B3EE1BDBF2F5006C60B0 /* Build configuration list for PBXNativeTarget "ReaderFramework" */;
			buildPhases = (
				D897B3E11BDBF2F5006C60B0 /* Sources */,
				D897B3E21BDBF2F5006C60B0 /* Frameworks */,
				D897B3E31BDBF2F5006C60B0 /* Headers */,
				D897B3E41BDBF2F5006C60B0 /* Resources */,
			);
			buildRules = (
			);
			dependencies = (
			);
			name = ReaderFramework;
			productName = ReaderFramework;
			productReference = D897B3E61BDBF2F5006C60B0 /* ReaderFramework.framework */;
			productType = "com.apple.product-type.framework";
		};
/* End PBXNativeTarget section */

/* Begin PBXProject section */
		29B97313FDCFA39411CA2CEA /* Project object */ = {
			isa = PBXProject;
			attributes = {
				LastUpgradeCheck = 0630;
				TargetAttributes = {
					1D6058900D05DD3D006BFB54 = {
						DevelopmentTeam = 9UY8SFDNQ8;
					};
					D897B3E51BDBF2F5006C60B0 = {
						CreatedOnToolsVersion = 7.1;
					};
				};
			};
			buildConfigurationList = C01FCF4E08A954540054247B /* Build configuration list for PBXProject "Reader" */;
			compatibilityVersion = "Xcode 3.2";
			developmentRegion = en;
			hasScannedForEncodings = 1;
			knownRegions = (
				en,
				de,
				fr,
				es,
			);
			mainGroup = 29B97314FDCFA39411CA2CEA /* CustomTemplate */;
			projectDirPath = "";
			projectRoot = "";
			targets = (
				1D6058900D05DD3D006BFB54 /* Reader */,
				D897B3E51BDBF2F5006C60B0 /* ReaderFramework */,
			);
		};
/* End PBXProject section */

/* Begin PBXResourcesBuildPhase section */
		1D60588D0D05DD3D006BFB54 /* Resources */ = {
			isa = PBXResourcesBuildPhase;
			buildActionMask = 2147483647;
			files = (
				4541A9D8122EA716001A5E60 /* Localizable.strings in Resources */,
				45AB72C9141FBFCA003524C3 /* Reader-Email.png in Resources */,
				45AB72CA141FBFCA003524C3 /* Reader-Email@2x.png in Resources */,
				A1789FD21EE771A3001FA340 /* AppIcon-152.png in Resources */,
				45AB72CB141FBFCA003524C3 /* Reader-Mark-N.png in Resources */,
				45AB72CC141FBFCA003524C3 /* Reader-Mark-N@2x.png in Resources */,
				45AB72CD141FBFCA003524C3 /* Reader-Mark-Y.png in Resources */,
				45AB72CE141FBFCA003524C3 /* Reader-Mark-Y@2x.png in Resources */,
				45AB72CF141FBFCA003524C3 /* Reader-Print.png in Resources */,
				45AB72D0141FBFCA003524C3 /* Reader-Print@2x.png in Resources */,
				45AB72D1141FBFCA003524C3 /* Reader-Thumbs.png in Resources */,
				45AB72D2141FBFCA003524C3 /* Reader-Thumbs@2x.png in Resources */,
				4521AB4019C5EE6000B16688 /* Reader-Export@2x.png in Resources */,
				4513ACFB19C4A1FB004916D1 /* AppIcon-180.png in Resources */,
				45AB72DC141FC039003524C3 /* Reader.pdf in Resources */,
				A1789FD01EE771A3001FA340 /* AppIcon-076.png in Resources */,
				455C789D14268F6A0053D73B /* Reader-Button-H.png in Resources */,
				455C789E14268F6A0053D73B /* Reader-Button-H@2x.png in Resources */,
				455C789F14268F6A0053D73B /* Reader-Button-N.png in Resources */,
				455C78A014268F6A0053D73B /* Reader-Button-N@2x.png in Resources */,
				4521AB3F19C5EE6000B16688 /* Reader-Export.png in Resources */,
				A1789FD11EE771A3001FA340 /* AppIcon-120.png in Resources */,
				A1789FD31EE771A3001FA340 /* AppIcon-167.png in Resources */,
			);
			runOnlyForDeploymentPostprocessing = 0;
		};
		D897B3E41BDBF2F5006C60B0 /* Resources */ = {
			isa = PBXResourcesBuildPhase;
			buildActionMask = 2147483647;
			files = (
				D897B41D1BDBF3A1006C60B0 /* Localizable.strings in Resources */,
				D897B40D1BDBF39A006C60B0 /* Reader-Button-H.png in Resources */,
				D897B40E1BDBF39A006C60B0 /* Reader-Button-H@2x.png in Resources */,
				D897B40F1BDBF39A006C60B0 /* Reader-Button-N.png in Resources */,
				D897B4101BDBF39B006C60B0 /* Reader-Button-N@2x.png in Resources */,
				D897B4111BDBF39B006C60B0 /* Reader-Email.png in Resources */,
				D897B4121BDBF39B006C60B0 /* Reader-Email@2x.png in Resources */,
				D897B4131BDBF39B006C60B0 /* Reader-Export.png in Resources */,
				D897B4141BDBF39B006C60B0 /* Reader-Export@2x.png in Resources */,
				D897B4151BDBF39B006C60B0 /* Reader-Mark-N.png in Resources */,
				D897B4161BDBF39B006C60B0 /* Reader-Mark-N@2x.png in Resources */,
				D897B4171BDBF39B006C60B0 /* Reader-Mark-Y.png in Resources */,
				D897B4181BDBF39B006C60B0 /* Reader-Mark-Y@2x.png in Resources */,
				D897B4191BDBF39B006C60B0 /* Reader-Print.png in Resources */,
				D897B41A1BDBF39B006C60B0 /* Reader-Print@2x.png in Resources */,
				D897B41B1BDBF39B006C60B0 /* Reader-Thumbs.png in Resources */,
				D897B41C1BDBF39B006C60B0 /* Reader-Thumbs@2x.png in Resources */,
			);
			runOnlyForDeploymentPostprocessing = 0;
		};
/* End PBXResourcesBuildPhase section */

/* Begin PBXSourcesBuildPhase section */
		1D60588E0D05DD3D006BFB54 /* Sources */ = {
			isa = PBXSourcesBuildPhase;
			buildActionMask = 2147483647;
			files = (
				1D60589B0D05DD56006BFB54 /* main.m in Sources */,
				45AB72EB141FC0A2003524C3 /* ReaderAppDelegate.m in Sources */,
				45AB72EC141FC0A2003524C3 /* ReaderDemoController.m in Sources */,
				45AB7313141FC0B1003524C3 /* CGPDFDocument.m in Sources */,
				45AB7314141FC0B1003524C3 /* ReaderConstants.m in Sources */,
				45AB7315141FC0B1003524C3 /* ReaderContentPage.m in Sources */,
				45AB7316141FC0B1003524C3 /* ReaderContentTile.m in Sources */,
				45AB7317141FC0B1003524C3 /* ReaderContentView.m in Sources */,
				45AB7318141FC0B1003524C3 /* ReaderDocument.m in Sources */,
				45AB7319141FC0B1003524C3 /* ReaderMainPagebar.m in Sources */,
				45AB731A141FC0B1003524C3 /* ReaderMainToolbar.m in Sources */,
				45AB731C141FC0B1003524C3 /* ReaderThumbCache.m in Sources */,
				45AB731D141FC0B1003524C3 /* ReaderThumbFetch.m in Sources */,
				45AB731E141FC0B1003524C3 /* ReaderThumbQueue.m in Sources */,
				45AB731F141FC0B1003524C3 /* ReaderThumbRender.m in Sources */,
				45AB7320141FC0B1003524C3 /* ReaderThumbRequest.m in Sources */,
				45AB7321141FC0B1003524C3 /* ReaderThumbsView.m in Sources */,
				45AB7322141FC0B1003524C3 /* ReaderThumbView.m in Sources */,
				45AB7323141FC0B1003524C3 /* ReaderViewController.m in Sources */,
				45AB7324141FC0B1003524C3 /* ThumbsMainToolbar.m in Sources */,
				45AB7325141FC0B1003524C3 /* ThumbsViewController.m in Sources */,
				4555C74C14211A00005F448D /* ReaderBookDelegate.m in Sources */,
				455C7891142687CA0053D73B /* UIXToolbarView.m in Sources */,
				45D5ADA31610EADD00706B9A /* ReaderDocumentOutline.m in Sources */,
			);
			runOnlyForDeploymentPostprocessing = 0;
		};
		D897B3E11BDBF2F5006C60B0 /* Sources */ = {
			isa = PBXSourcesBuildPhase;
			buildActionMask = 2147483647;
			files = (
				D897B3F21BDBF311006C60B0 /* ReaderConstants.m in Sources */,
				D897B3F31BDBF311006C60B0 /* ReaderDocument.m in Sources */,
				D897B3F41BDBF311006C60B0 /* ReaderViewController.m in Sources */,
				D897B3F51BDBF311006C60B0 /* ReaderMainToolbar.m in Sources */,
				D897B3F61BDBF311006C60B0 /* ReaderMainPagebar.m in Sources */,
				D897B3F71BDBF311006C60B0 /* ReaderContentView.m in Sources */,
				D897B3F81BDBF311006C60B0 /* ReaderContentPage.m in Sources */,
				D897B3F91BDBF311006C60B0 /* ReaderContentTile.m in Sources */,
				D897B3FA1BDBF311006C60B0 /* ThumbsViewController.m in Sources */,
				D897B3FB1BDBF311006C60B0 /* ThumbsMainToolbar.m in Sources */,
				D897B3FC1BDBF311006C60B0 /* CGPDFDocument.m in Sources */,
				D897B3FD1BDBF311006C60B0 /* ReaderDocumentOutline.m in Sources */,
				D897B3FE1BDBF311006C60B0 /* ReaderThumbRequest.m in Sources */,
				D897B3FF1BDBF311006C60B0 /* ReaderThumbCache.m in Sources */,
				D897B4001BDBF311006C60B0 /* ReaderThumbQueue.m in Sources */,
				D897B4011BDBF311006C60B0 /* ReaderThumbFetch.m in Sources */,
				D897B4021BDBF311006C60B0 /* ReaderThumbRender.m in Sources */,
				D897B4031BDBF311006C60B0 /* ReaderThumbsView.m in Sources */,
				D897B4041BDBF311006C60B0 /* ReaderThumbView.m in Sources */,
				D897B4051BDBF311006C60B0 /* UIXToolbarView.m in Sources */,
			);
			runOnlyForDeploymentPostprocessing = 0;
		};
/* End PBXSourcesBuildPhase section */

/* Begin PBXVariantGroup section */
		4541A9D7122EA716001A5E60 /* Localizable.strings */ = {
			isa = PBXVariantGroup;
			children = (
				4541A9D5122EA686001A5E60 /* en */,
				458BF155143E077500CDF567 /* de */,
				458F25911AC1D417000716F1 /* fr */,
				458F25921AC1D425000716F1 /* es */,
			);
			name = Localizable.strings;
			sourceTree = "<group>";
		};
/* End PBXVariantGroup section */

/* Begin XCBuildConfiguration section */
		1D6058940D05DD3E006BFB54 /* Debug */ = {
			isa = XCBuildConfiguration;
			buildSettings = {
				ALWAYS_SEARCH_USER_PATHS = NO;
				CLANG_ENABLE_OBJC_ARC = YES;
				COPY_PHASE_STRIP = NO;
				DEVELOPMENT_TEAM = 9UY8SFDNQ8;
				GCC_DYNAMIC_NO_PIC = NO;
				GCC_OPTIMIZATION_LEVEL = 0;
				GCC_PRECOMPILE_PREFIX_HEADER = YES;
				GCC_PREFIX_HEADER = "Reader-Prefix.pch";
				INFOPLIST_FILE = "Reader-Info.plist";
				IPHONEOS_DEPLOYMENT_TARGET = 8.0;
				PRODUCT_BUNDLE_IDENTIFIER = "com.example.${PRODUCT_NAME:rfc1034identifier}";
				PRODUCT_NAME = Reader;
			};
			name = Debug;
		};
		1D6058950D05DD3E006BFB54 /* Release */ = {
			isa = XCBuildConfiguration;
			buildSettings = {
				ALWAYS_SEARCH_USER_PATHS = NO;
				CLANG_ENABLE_OBJC_ARC = YES;
				COPY_PHASE_STRIP = YES;
				DEVELOPMENT_TEAM = 9UY8SFDNQ8;
				GCC_PRECOMPILE_PREFIX_HEADER = YES;
				GCC_PREFIX_HEADER = "Reader-Prefix.pch";
				INFOPLIST_FILE = "Reader-Info.plist";
				IPHONEOS_DEPLOYMENT_TARGET = 8.0;
				PRODUCT_BUNDLE_IDENTIFIER = "com.example.${PRODUCT_NAME:rfc1034identifier}";
				PRODUCT_NAME = Reader;
				VALIDATE_PRODUCT = YES;
			};
			name = Release;
		};
		458529CE13DDE2DF00EDC79D /* Testing */ = {
			isa = XCBuildConfiguration;
			buildSettings = {
				CLANG_WARN_BOOL_CONVERSION = YES;
				CLANG_WARN_CONSTANT_CONVERSION = YES;
				CLANG_WARN_EMPTY_BODY = YES;
				CLANG_WARN_ENUM_CONVERSION = YES;
				CLANG_WARN_INT_CONVERSION = YES;
				CLANG_WARN_UNREACHABLE_CODE = YES;
				CLANG_WARN__DUPLICATE_METHOD_MATCH = YES;
				"CODE_SIGN_IDENTITY[sdk=iphoneos*]" = "iPhone Developer";
				ENABLE_STRICT_OBJC_MSGSEND = YES;
				GCC_C_LANGUAGE_STANDARD = c99;
				GCC_MODEL_TUNING = "";
				GCC_NO_COMMON_BLOCKS = YES;
				GCC_PREPROCESSOR_DEFINITIONS = NDEBUG;
				GCC_VERSION = com.apple.compilers.llvm.clang.1_0;
				GCC_WARN_64_TO_32_BIT_CONVERSION = YES;
				GCC_WARN_ABOUT_RETURN_TYPE = YES;
				GCC_WARN_UNDECLARED_SELECTOR = YES;
				GCC_WARN_UNINITIALIZED_AUTOS = YES;
				GCC_WARN_UNUSED_FUNCTION = YES;
				GCC_WARN_UNUSED_VARIABLE = YES;
				IPHONEOS_DEPLOYMENT_TARGET = 6.0;
				OTHER_CFLAGS = "-DNS_BLOCK_ASSERTIONS=1";
				SDKROOT = iphoneos;
				TARGETED_DEVICE_FAMILY = "1,2";
			};
			name = Testing;
		};
		458529CF13DDE2DF00EDC79D /* Testing */ = {
			isa = XCBuildConfiguration;
			buildSettings = {
				ALWAYS_SEARCH_USER_PATHS = NO;
				CLANG_ENABLE_OBJC_ARC = YES;
				COPY_PHASE_STRIP = YES;
				DEVELOPMENT_TEAM = 9UY8SFDNQ8;
				GCC_PRECOMPILE_PREFIX_HEADER = YES;
				GCC_PREFIX_HEADER = "Reader-Prefix.pch";
				INFOPLIST_FILE = "Reader-Info.plist";
				IPHONEOS_DEPLOYMENT_TARGET = 8.0;
				PRODUCT_BUNDLE_IDENTIFIER = "com.example.${PRODUCT_NAME:rfc1034identifier}";
				PRODUCT_NAME = Reader;
			};
			name = Testing;
		};
		C01FCF4F08A954540054247B /* Debug */ = {
			isa = XCBuildConfiguration;
			buildSettings = {
				CLANG_WARN_BOOL_CONVERSION = YES;
				CLANG_WARN_CONSTANT_CONVERSION = YES;
				CLANG_WARN_EMPTY_BODY = YES;
				CLANG_WARN_ENUM_CONVERSION = YES;
				CLANG_WARN_INT_CONVERSION = YES;
				CLANG_WARN_UNREACHABLE_CODE = YES;
				CLANG_WARN__DUPLICATE_METHOD_MATCH = YES;
				"CODE_SIGN_IDENTITY[sdk=iphoneos*]" = "iPhone Developer";
				ENABLE_STRICT_OBJC_MSGSEND = YES;
				GCC_C_LANGUAGE_STANDARD = c99;
				GCC_MODEL_TUNING = "";
				GCC_NO_COMMON_BLOCKS = YES;
				GCC_PREPROCESSOR_DEFINITIONS = DEBUG;
				GCC_VERSION = com.apple.compilers.llvm.clang.1_0;
				GCC_WARN_64_TO_32_BIT_CONVERSION = YES;
				GCC_WARN_ABOUT_RETURN_TYPE = YES;
				GCC_WARN_UNDECLARED_SELECTOR = YES;
				GCC_WARN_UNINITIALIZED_AUTOS = YES;
				GCC_WARN_UNUSED_FUNCTION = YES;
				GCC_WARN_UNUSED_VARIABLE = YES;
				IPHONEOS_DEPLOYMENT_TARGET = 6.0;
				ONLY_ACTIVE_ARCH = YES;
				SDKROOT = iphoneos;
				TARGETED_DEVICE_FAMILY = "1,2";
			};
			name = Debug;
		};
		C01FCF5008A954540054247B /* Release */ = {
			isa = XCBuildConfiguration;
			buildSettings = {
				CLANG_WARN_BOOL_CONVERSION = YES;
				CLANG_WARN_CONSTANT_CONVERSION = YES;
				CLANG_WARN_EMPTY_BODY = YES;
				CLANG_WARN_ENUM_CONVERSION = YES;
				CLANG_WARN_INT_CONVERSION = YES;
				CLANG_WARN_UNREACHABLE_CODE = YES;
				CLANG_WARN__DUPLICATE_METHOD_MATCH = YES;
				"CODE_SIGN_IDENTITY[sdk=iphoneos*]" = "iPhone Developer";
				ENABLE_STRICT_OBJC_MSGSEND = YES;
				GCC_C_LANGUAGE_STANDARD = c99;
				GCC_MODEL_TUNING = "";
				GCC_NO_COMMON_BLOCKS = YES;
				GCC_PREPROCESSOR_DEFINITIONS = NDEBUG;
				GCC_VERSION = com.apple.compilers.llvm.clang.1_0;
				GCC_WARN_64_TO_32_BIT_CONVERSION = YES;
				GCC_WARN_ABOUT_RETURN_TYPE = YES;
				GCC_WARN_UNDECLARED_SELECTOR = YES;
				GCC_WARN_UNINITIALIZED_AUTOS = YES;
				GCC_WARN_UNUSED_FUNCTION = YES;
				GCC_WARN_UNUSED_VARIABLE = YES;
				IPHONEOS_DEPLOYMENT_TARGET = 6.0;
				OTHER_CFLAGS = "-DNS_BLOCK_ASSERTIONS=1";
				SDKROOT = iphoneos;
				TARGETED_DEVICE_FAMILY = "1,2";
			};
			name = Release;
		};
		D897B3EB1BDBF2F5006C60B0 /* Debug */ = {
			isa = XCBuildConfiguration;
			buildSettings = {
				ALWAYS_SEARCH_USER_PATHS = NO;
				CLANG_CXX_LANGUAGE_STANDARD = "gnu++0x";
				CLANG_CXX_LIBRARY = "libc++";
				CLANG_ENABLE_MODULES = YES;
				CLANG_ENABLE_OBJC_ARC = YES;
				CLANG_WARN_DIRECT_OBJC_ISA_USAGE = YES_ERROR;
				CLANG_WARN_OBJC_ROOT_CLASS = YES_ERROR;
				COPY_PHASE_STRIP = NO;
				CURRENT_PROJECT_VERSION = 1;
				DEBUG_INFORMATION_FORMAT = dwarf;
				DEFINES_MODULE = YES;
				DYLIB_COMPATIBILITY_VERSION = 1;
				DYLIB_CURRENT_VERSION = 1;
				DYLIB_INSTALL_NAME_BASE = "@rpath";
				ENABLE_TESTABILITY = YES;
				GCC_C_LANGUAGE_STANDARD = gnu99;
				GCC_DYNAMIC_NO_PIC = NO;
				GCC_OPTIMIZATION_LEVEL = 0;
				GCC_PREPROCESSOR_DEFINITIONS = (
					"DEBUG=1",
					"$(inherited)",
				);
				GCC_WARN_ABOUT_RETURN_TYPE = YES_ERROR;
				GCC_WARN_UNINITIALIZED_AUTOS = YES_AGGRESSIVE;
				INFOPLIST_FILE = ReaderFramework/Info.plist;
				INSTALL_PATH = "$(LOCAL_LIBRARY_DIR)/Frameworks";
				IPHONEOS_DEPLOYMENT_TARGET = 8.0;
				LD_RUNPATH_SEARCH_PATHS = "$(inherited) @executable_path/Frameworks @loader_path/Frameworks";
				MTL_ENABLE_DEBUG_INFO = YES;
				ONLY_ACTIVE_ARCH = NO;
				PRODUCT_BUNDLE_IDENTIFIER = com.example.ReaderFramework;
				PRODUCT_NAME = "$(TARGET_NAME)";
				SKIP_INSTALL = YES;
				VALID_ARCHS = "arm64 armv7 armv7s x86_64 i386";
				VERSIONING_SYSTEM = "apple-generic";
				VERSION_INFO_PREFIX = "";
			};
			name = Debug;
		};
		D897B3EC1BDBF2F5006C60B0 /* Testing */ = {
			isa = XCBuildConfiguration;
			buildSettings = {
				ALWAYS_SEARCH_USER_PATHS = NO;
				CLANG_CXX_LANGUAGE_STANDARD = "gnu++0x";
				CLANG_CXX_LIBRARY = "libc++";
				CLANG_ENABLE_MODULES = YES;
				CLANG_ENABLE_OBJC_ARC = YES;
				CLANG_WARN_DIRECT_OBJC_ISA_USAGE = YES_ERROR;
				CLANG_WARN_OBJC_ROOT_CLASS = YES_ERROR;
				COPY_PHASE_STRIP = NO;
				CURRENT_PROJECT_VERSION = 1;
				DEBUG_INFORMATION_FORMAT = "dwarf-with-dsym";
				DEFINES_MODULE = YES;
				DYLIB_COMPATIBILITY_VERSION = 1;
				DYLIB_CURRENT_VERSION = 1;
				DYLIB_INSTALL_NAME_BASE = "@rpath";
				ENABLE_NS_ASSERTIONS = NO;
				GCC_C_LANGUAGE_STANDARD = gnu99;
				GCC_WARN_ABOUT_RETURN_TYPE = YES_ERROR;
				GCC_WARN_UNINITIALIZED_AUTOS = YES_AGGRESSIVE;
				INFOPLIST_FILE = ReaderFramework/Info.plist;
				INSTALL_PATH = "$(LOCAL_LIBRARY_DIR)/Frameworks";
				IPHONEOS_DEPLOYMENT_TARGET = 8.0;
				LD_RUNPATH_SEARCH_PATHS = "$(inherited) @executable_path/Frameworks @loader_path/Frameworks";
				MTL_ENABLE_DEBUG_INFO = NO;
				PRODUCT_BUNDLE_IDENTIFIER = com.example.ReaderFramework;
				PRODUCT_NAME = "$(TARGET_NAME)";
				SKIP_INSTALL = YES;
				VALIDATE_PRODUCT = YES;
				VALID_ARCHS = "arm64 armv7 armv7s x86_64 i386";
				VERSIONING_SYSTEM = "apple-generic";
				VERSION_INFO_PREFIX = "";
			};
			name = Testing;
		};
		D897B3ED1BDBF2F5006C60B0 /* Release */ = {
			isa = XCBuildConfiguration;
			buildSettings = {
				ALWAYS_SEARCH_USER_PATHS = NO;
				CLANG_CXX_LANGUAGE_STANDARD = "gnu++0x";
				CLANG_CXX_LIBRARY = "libc++";
				CLANG_ENABLE_MODULES = YES;
				CLANG_ENABLE_OBJC_ARC = YES;
				CLANG_WARN_DIRECT_OBJC_ISA_USAGE = YES_ERROR;
				CLANG_WARN_OBJC_ROOT_CLASS = YES_ERROR;
				COPY_PHASE_STRIP = NO;
				CURRENT_PROJECT_VERSION = 1;
				DEBUG_INFORMATION_FORMAT = "dwarf-with-dsym";
				DEFINES_MODULE = YES;
				DYLIB_COMPATIBILITY_VERSION = 1;
				DYLIB_CURRENT_VERSION = 1;
				DYLIB_INSTALL_NAME_BASE = "@rpath";
				ENABLE_NS_ASSERTIONS = NO;
				GCC_C_LANGUAGE_STANDARD = gnu99;
				GCC_WARN_ABOUT_RETURN_TYPE = YES_ERROR;
				GCC_WARN_UNINITIALIZED_AUTOS = YES_AGGRESSIVE;
				INFOPLIST_FILE = ReaderFramework/Info.plist;
				INSTALL_PATH = "$(LOCAL_LIBRARY_DIR)/Frameworks";
				IPHONEOS_DEPLOYMENT_TARGET = 8.0;
				LD_RUNPATH_SEARCH_PATHS = "$(inherited) @executable_path/Frameworks @loader_path/Frameworks";
				MTL_ENABLE_DEBUG_INFO = NO;
				PRODUCT_BUNDLE_IDENTIFIER = com.example.ReaderFramework;
				PRODUCT_NAME = "$(TARGET_NAME)";
				SKIP_INSTALL = YES;
				VALIDATE_PRODUCT = YES;
				VALID_ARCHS = "arm64 armv7 armv7s x86_64 i386";
				VERSIONING_SYSTEM = "apple-generic";
				VERSION_INFO_PREFIX = "";
			};
			name = Release;
		};
/* End XCBuildConfiguration section */

/* Begin XCConfigurationList section */
		1D6058960D05DD3E006BFB54 /* Build configuration list for PBXNativeTarget "Reader" */ = {
			isa = XCConfigurationList;
			buildConfigurations = (
				1D6058940D05DD3E006BFB54 /* Debug */,
				458529CF13DDE2DF00EDC79D /* Testing */,
				1D6058950D05DD3E006BFB54 /* Release */,
			);
			defaultConfigurationIsVisible = 0;
			defaultConfigurationName = Release;
		};
		C01FCF4E08A954540054247B /* Build configuration list for PBXProject "Reader" */ = {
			isa = XCConfigurationList;
			buildConfigurations = (
				C01FCF4F08A954540054247B /* Debug */,
				458529CE13DDE2DF00EDC79D /* Testing */,
				C01FCF5008A954540054247B /* Release */,
			);
			defaultConfigurationIsVisible = 0;
			defaultConfigurationName = Release;
		};
		D897B3EE1BDBF2F5006C60B0 /* Build configuration list for PBXNativeTarget "ReaderFramework" */ = {
			isa = XCConfigurationList;
			buildConfigurations = (
				D897B3EB1BDBF2F5006C60B0 /* Debug */,
				D897B3EC1BDBF2F5006C60B0 /* Testing */,
				D897B3ED1BDBF2F5006C60B0 /* Release */,
			);
			defaultConfigurationIsVisible = 0;
			defaultConfigurationName = Release;
		};
/* End XCConfigurationList section */
	};
	rootObject = 29B97313FDCFA39411CA2CEA /* Project object */;
}
